
Microsoft Visual Studio Solution File, Format Version 9.00
# Visual Studio 2005
Project("{FAE04EC0-301F-11D3-BF4B-00C04F79EFBC}") = "MuscoviteBlock", "owlgame\MuscoviteBlock.csproj", "{45C18BF9-ADC1-4BBF-8474-DFB725E6357A}"
EndProject
Global
	GlobalSection(SolutionConfigurationPlatforms) = preSolution
		Debug|Any CPU = Debug|Any CPU
		Release|Any CPU = Release|Any CPU
	EndGlobalSection
	GlobalSection(ProjectConfigurationPlatforms) = postSolution
		{45C18BF9-ADC1-4BBF-8474-DFB725E6357A}.Debug|Any CPU.ActiveCfg = Debug|Any CPU
		{45C18BF9-ADC1-4BBF-8474-DFB725E6357A}.Debug|Any CPU.Build.0 = Debug|Any CPU
		{45C18BF9-ADC1-4BBF-8474-DFB725E6357A}.Release|Any CPU.ActiveCfg = Release|Any CPU
		{45C18BF9-ADC1-4BBF-8474-DFB725E6357A}.Release|Any CPU.Build.0 = Release|Any CPU
	EndGlobalSection
	GlobalSection(SolutionProperties) = preSolution
		HideSolutionNode = FALSE
	EndGlobalSection
EndGlobal
